PODS:
  - ThemeManager (1.1.2):
    - ThemeManager/Components (= 1.1.2)
    - ThemeManager/Core (= 1.1.2)
  - ThemeManager/Components (1.1.2):
    - ThemeManager/Core
  - ThemeManager/Core (1.1.2)

DEPENDENCIES:
  - ThemeManager (from `../`)

EXTERNAL SOURCES:
  ThemeManager:
    :path: "../"

SPEC CHECKSUMS:
  ThemeManager: f9ae9f49ddf290393bd50ae7ce96d524367bf354

PODFILE CHECKSUM: a2c8979e6ed3004ca21b636683a8b635f60907a9

COCOAPODS: 1.5.2
