// !$*UTF8*$!
{
	archiveVersion = 1;
	classes = {
	};
	objectVersion = 46;
	objects = {

/* Begin PBXBuildFile section */
		28A928FDB7D9A3EC2646FFEA /* Pods_ThemeManager_Example.framework in Frameworks */ = {isa = PBXBuildFile; fileRef = 670CBCC380D6C087D870257F /* Pods_ThemeManager_Example.framework */; };
		6003F58E195388D20070C39A /* Foundation.framework in Frameworks */ = {isa = PBXBuildFile; fileRef = 6003F58D195388D20070C39A /* Foundation.framework */; };
		6003F590195388D20070C39A /* CoreGraphics.framework in Frameworks */ = {isa = PBXBuildFile; fileRef = 6003F58F195388D20070C39A /* CoreGraphics.framework */; };
		6003F592195388D20070C39A /* UIKit.framework in Frameworks */ = {isa = PBXBuildFile; fileRef = 6003F591195388D20070C39A /* UIKit.framework */; };
		6003F598195388D20070C39A /* InfoPlist.strings in Resources */ = {isa = PBXBuildFile; fileRef = 6003F596195388D20070C39A /* InfoPlist.strings */; };
		6003F59A195388D20070C39A /* main.m in Sources */ = {isa = PBXBuildFile; fileRef = 6003F599195388D20070C39A /* main.m */; };
		6003F59E195388D20070C39A /* zhAppDelegate.m in Sources */ = {isa = PBXBuildFile; fileRef = 6003F59D195388D20070C39A /* zhAppDelegate.m */; };
		6003F5A9195388D20070C39A /* Images.xcassets in Resources */ = {isa = PBXBuildFile; fileRef = 6003F5A8195388D20070C39A /* Images.xcassets */; };
		6003F5B0195388D20070C39A /* XCTest.framework in Frameworks */ = {isa = PBXBuildFile; fileRef = 6003F5AF195388D20070C39A /* XCTest.framework */; };
		6003F5B1195388D20070C39A /* Foundation.framework in Frameworks */ = {isa = PBXBuildFile; fileRef = 6003F58D195388D20070C39A /* Foundation.framework */; };
		6003F5B2195388D20070C39A /* UIKit.framework in Frameworks */ = {isa = PBXBuildFile; fileRef = 6003F591195388D20070C39A /* UIKit.framework */; };
		6003F5BA195388D20070C39A /* InfoPlist.strings in Resources */ = {isa = PBXBuildFile; fileRef = 6003F5B8195388D20070C39A /* InfoPlist.strings */; };
		6003F5BC195388D20070C39A /* Tests.m in Sources */ = {isa = PBXBuildFile; fileRef = 6003F5BB195388D20070C39A /* Tests.m */; };
		6193F9D1221BF3470028BBA8 /* mybundle.bundle in Resources */ = {isa = PBXBuildFile; fileRef = 6193F9CF221BF3460028BBA8 /* mybundle.bundle */; };
		6193F9D2221BF3470028BBA8 /* ThemeInfo.plist in Resources */ = {isa = PBXBuildFile; fileRef = 6193F9D0221BF3470028BBA8 /* ThemeInfo.plist */; };
		6193F9D5221BF5F00028BBA8 /* zhThemeOperator.m in Sources */ = {isa = PBXBuildFile; fileRef = 6193F9D4221BF5F00028BBA8 /* zhThemeOperator.m */; };
		71719F9F1E33DC2100824A3D /* LaunchScreen.storyboard in Resources */ = {isa = PBXBuildFile; fileRef = 71719F9D1E33DC2100824A3D /* LaunchScreen.storyboard */; };
		873B8AEB1B1F5CCA007FD442 /* Main.storyboard in Resources */ = {isa = PBXBuildFile; fileRef = 873B8AEA1B1F5CCA007FD442 /* Main.storyboard */; };
		A2AD7D00B2B87E6EDECB4199 /* Pods_ThemeManager_Tests.framework in Frameworks */ = {isa = PBXBuildFile; fileRef = 49D4FB15F6719882C3CF6D48 /* Pods_ThemeManager_Tests.framework */; };
		F24376121F57F5B7000852C7 /* zhNextViewController.m in Sources */ = {isa = PBXBuildFile; fileRef = F24376111F57F5B7000852C7 /* zhNextViewController.m */; };
		F24376151F580004000852C7 /* zhDetailViewController.m in Sources */ = {isa = PBXBuildFile; fileRef = F24376141F580004000852C7 /* zhDetailViewController.m */; };
		F24376181F583281000852C7 /* details_dark.png in Resources */ = {isa = PBXBuildFile; fileRef = F24376161F583281000852C7 /* details_dark.png */; };
		F24376191F583281000852C7 /* details_white.png in Resources */ = {isa = PBXBuildFile; fileRef = F24376171F583281000852C7 /* details_white.png */; };
		F243762A1F584BC7000852C7 /* 604-p00551.png in Resources */ = {isa = PBXBuildFile; fileRef = F243761E1F584BC7000852C7 /* 604-p00551.png */; };
		F243762B1F584BC7000852C7 /* 604-p01490.png in Resources */ = {isa = PBXBuildFile; fileRef = F243761F1F584BC7000852C7 /* 604-p01490.png */; };
		F243762C1F584BC7000852C7 /* 604-p01505.png in Resources */ = {isa = PBXBuildFile; fileRef = F24376201F584BC7000852C7 /* 604-p01505.png */; };
		F243762D1F584BC7000852C7 /* ph1449-p02096.png in Resources */ = {isa = PBXBuildFile; fileRef = F24376211F584BC7000852C7 /* ph1449-p02096.png */; };
		F243762E1F584BC7000852C7 /* ph1449-p02098.png in Resources */ = {isa = PBXBuildFile; fileRef = F24376221F584BC7000852C7 /* ph1449-p02098.png */; };
		F243762F1F584BC7000852C7 /* ph1449-p02101.png in Resources */ = {isa = PBXBuildFile; fileRef = F24376231F584BC7000852C7 /* ph1449-p02101.png */; };
		F24376301F584BC7000852C7 /* mf700-00014329.png in Resources */ = {isa = PBXBuildFile; fileRef = F24376251F584BC7000852C7 /* mf700-00014329.png */; };
		F24376311F584BC7000852C7 /* mf700-00014344.png in Resources */ = {isa = PBXBuildFile; fileRef = F24376261F584BC7000852C7 /* mf700-00014344.png */; };
		F24376321F584BC7000852C7 /* mf700-00021233.png in Resources */ = {isa = PBXBuildFile; fileRef = F24376271F584BC7000852C7 /* mf700-00021233.png */; };
		F24376331F584BC7000852C7 /* mf700-01036711.png in Resources */ = {isa = PBXBuildFile; fileRef = F24376281F584BC7000852C7 /* mf700-01036711.png */; };
		F24376341F584BC7000852C7 /* mf700-02883145.png in Resources */ = {isa = PBXBuildFile; fileRef = F24376291F584BC7000852C7 /* mf700-02883145.png */; };
		F24376371F58502E000852C7 /* NSObject+AssociatedObject.m in Sources */ = {isa = PBXBuildFile; fileRef = F24376361F58502E000852C7 /* NSObject+AssociatedObject.m */; };
		F24B7C5C1FBB31CC00D1088B /* zhTestView.m in Sources */ = {isa = PBXBuildFile; fileRef = F24B7C5B1FBB31CC00D1088B /* zhTestView.m */; };
		F2500BE51F57DE6B002FF5CB /* UIColor+Extend.m in Sources */ = {isa = PBXBuildFile; fileRef = F2500BDE1F57DE6B002FF5CB /* UIColor+Extend.m */; };
		F2500BE61F57DE6B002FF5CB /* UIImage+Color.m in Sources */ = {isa = PBXBuildFile; fileRef = F2500BE01F57DE6B002FF5CB /* UIImage+Color.m */; };
		F2500BE71F57DE6B002FF5CB /* UIView+Layout.m in Sources */ = {isa = PBXBuildFile; fileRef = F2500BE21F57DE6B002FF5CB /* UIView+Layout.m */; };
		F2500BE81F57DE6B002FF5CB /* UIViewController+zhStatusBarStyle.m in Sources */ = {isa = PBXBuildFile; fileRef = F2500BE41F57DE6B002FF5CB /* UIViewController+zhStatusBarStyle.m */; };
		F2500BED1F57DFB2002FF5CB /* zhProgressView.m in Sources */ = {isa = PBXBuildFile; fileRef = F2500BEC1F57DFB2002FF5CB /* zhProgressView.m */; };
		F2500BF61F57E0AA002FF5CB /* zhFirstViewController.m in Sources */ = {isa = PBXBuildFile; fileRef = F2500BEF1F57E0AA002FF5CB /* zhFirstViewController.m */; };
		F2500BF71F57E0AA002FF5CB /* zhSecondViewController.m in Sources */ = {isa = PBXBuildFile; fileRef = F2500BF11F57E0AA002FF5CB /* zhSecondViewController.m */; };
		F2500BF81F57E0AA002FF5CB /* zhTabBarController.m in Sources */ = {isa = PBXBuildFile; fileRef = F2500BF31F57E0AA002FF5CB /* zhTabBarController.m */; };
		F2500BF91F57E0AA002FF5CB /* zhThirdViewController.m in Sources */ = {isa = PBXBuildFile; fileRef = F2500BF51F57E0AA002FF5CB /* zhThirdViewController.m */; };
		F2500BFC1F57E0D1002FF5CB /* zhNavigationController.m in Sources */ = {isa = PBXBuildFile; fileRef = F2500BFB1F57E0D1002FF5CB /* zhNavigationController.m */; };
		F2500C1C1F57EB9F002FF5CB /* go_back.png in Resources */ = {isa = PBXBuildFile; fileRef = F2500C071F57EB9F002FF5CB /* go_back.png */; };
		F2500C1D1F57EB9F002FF5CB /* switch_off.png in Resources */ = {isa = PBXBuildFile; fileRef = F2500C081F57EB9F002FF5CB /* switch_off.png */; };
		F2500C1E1F57EB9F002FF5CB /* switch_on.png in Resources */ = {isa = PBXBuildFile; fileRef = F2500C091F57EB9F002FF5CB /* switch_on.png */; };
		F2500C1F1F57EB9F002FF5CB /* switchover.png in Resources */ = {isa = PBXBuildFile; fileRef = F2500C0A1F57EB9F002FF5CB /* switchover.png */; };
		F2500C201F57EB9F002FF5CB /* day_discover@3x.png in Resources */ = {isa = PBXBuildFile; fileRef = F2500C0C1F57EB9F002FF5CB /* day_discover@3x.png */; };
		F2500C211F57EB9F002FF5CB /* day_home@3x.png in Resources */ = {isa = PBXBuildFile; fileRef = F2500C0D1F57EB9F002FF5CB /* day_home@3x.png */; };
		F2500C221F57EB9F002FF5CB /* day_me@3x.png in Resources */ = {isa = PBXBuildFile; fileRef = F2500C0E1F57EB9F002FF5CB /* day_me@3x.png */; };
		F2500C231F57EB9F002FF5CB /* night_discover@3x.png in Resources */ = {isa = PBXBuildFile; fileRef = F2500C0F1F57EB9F002FF5CB /* night_discover@3x.png */; };
		F2500C241F57EB9F002FF5CB /* night_home@3x.png in Resources */ = {isa = PBXBuildFile; fileRef = F2500C101F57EB9F002FF5CB /* night_home@3x.png */; };
		F2500C251F57EB9F002FF5CB /* night_me@3x.png in Resources */ = {isa = PBXBuildFile; fileRef = F2500C111F57EB9F002FF5CB /* night_me@3x.png */; };
		F2500C261F57EB9F002FF5CB /* style1_discover@3x.png in Resources */ = {isa = PBXBuildFile; fileRef = F2500C121F57EB9F002FF5CB /* style1_discover@3x.png */; };
		F2500C271F57EB9F002FF5CB /* style1_home@3x.png in Resources */ = {isa = PBXBuildFile; fileRef = F2500C131F57EB9F002FF5CB /* style1_home@3x.png */; };
		F2500C281F57EB9F002FF5CB /* style1_me@3x.png in Resources */ = {isa = PBXBuildFile; fileRef = F2500C141F57EB9F002FF5CB /* style1_me@3x.png */; };
		F2500C291F57EB9F002FF5CB /* style2_discover@3x.png in Resources */ = {isa = PBXBuildFile; fileRef = F2500C151F57EB9F002FF5CB /* style2_discover@3x.png */; };
		F2500C2A1F57EB9F002FF5CB /* style2_home@3x.png in Resources */ = {isa = PBXBuildFile; fileRef = F2500C161F57EB9F002FF5CB /* style2_home@3x.png */; };
		F2500C2B1F57EB9F002FF5CB /* style2_me@3x.png in Resources */ = {isa = PBXBuildFile; fileRef = F2500C171F57EB9F002FF5CB /* style2_me@3x.png */; };
		F2500C2C1F57EB9F002FF5CB /* style3_discover@3x.png in Resources */ = {isa = PBXBuildFile; fileRef = F2500C181F57EB9F002FF5CB /* style3_discover@3x.png */; };
		F2500C2D1F57EB9F002FF5CB /* style3_home@3x.png in Resources */ = {isa = PBXBuildFile; fileRef = F2500C191F57EB9F002FF5CB /* style3_home@3x.png */; };
		F2500C2E1F57EB9F002FF5CB /* style3_me@3x.png in Resources */ = {isa = PBXBuildFile; fileRef = F2500C1A1F57EB9F002FF5CB /* style3_me@3x.png */; };
		F2BD440F1F6EB2B4005AED6E /* zhSwitchButton.m in Sources */ = {isa = PBXBuildFile; fileRef = F2BD440E1F6EB2B4005AED6E /* zhSwitchButton.m */; };
/* End PBXBuildFile section */

/* Begin PBXContainerItemProxy section */
		6003F5B3195388D20070C39A /* PBXContainerItemProxy */ = {
			isa = PBXContainerItemProxy;
			containerPortal = 6003F582195388D10070C39A /* Project object */;
			proxyType = 1;
			remoteGlobalIDString = 6003F589195388D20070C39A;
			remoteInfo = ThemeManager;
		};
/* End PBXContainerItemProxy section */

/* Begin PBXFileReference section */
		18C7129AA7E184CCBCEE6E6D /* Pods-ThemeManager_Example.release.xcconfig */ = {isa = PBXFileReference; includeInIndex = 1; lastKnownFileType = text.xcconfig; name = "Pods-ThemeManager_Example.release.xcconfig"; path = "Pods/Target Support Files/Pods-ThemeManager_Example/Pods-ThemeManager_Example.release.xcconfig"; sourceTree = "<group>"; };
		3D3070FFBF3E247D63B2FB41 /* ThemeManager.podspec */ = {isa = PBXFileReference; includeInIndex = 1; lastKnownFileType = text; name = ThemeManager.podspec; path = ../ThemeManager.podspec; sourceTree = "<group>"; xcLanguageSpecificationIdentifier = xcode.lang.ruby; };
		43D5C051C418BF7CA0C9CE51 /* Pods-ThemeManager_Example.debug.xcconfig */ = {isa = PBXFileReference; includeInIndex = 1; lastKnownFileType = text.xcconfig; name = "Pods-ThemeManager_Example.debug.xcconfig"; path = "Pods/Target Support Files/Pods-ThemeManager_Example/Pods-ThemeManager_Example.debug.xcconfig"; sourceTree = "<group>"; };
		49D4FB15F6719882C3CF6D48 /* Pods_ThemeManager_Tests.framework */ = {isa = PBXFileReference; explicitFileType = wrapper.framework; includeInIndex = 0; path = Pods_ThemeManager_Tests.framework; sourceTree = BUILT_PRODUCTS_DIR; };
		6003F58A195388D20070C39A /* ThemeManager_Example.app */ = {isa = PBXFileReference; explicitFileType = wrapper.application; includeInIndex = 0; path = ThemeManager_Example.app; sourceTree = BUILT_PRODUCTS_DIR; };
		6003F58D195388D20070C39A /* Foundation.framework */ = {isa = PBXFileReference; lastKnownFileType = wrapper.framework; name = Foundation.framework; path = System/Library/Frameworks/Foundation.framework; sourceTree = SDKROOT; };
		6003F58F195388D20070C39A /* CoreGraphics.framework */ = {isa = PBXFileReference; lastKnownFileType = wrapper.framework; name = CoreGraphics.framework; path = System/Library/Frameworks/CoreGraphics.framework; sourceTree = SDKROOT; };
		6003F591195388D20070C39A /* UIKit.framework */ = {isa = PBXFileReference; lastKnownFileType = wrapper.framework; name = UIKit.framework; path = System/Library/Frameworks/UIKit.framework; sourceTree = SDKROOT; };
		6003F595195388D20070C39A /* ThemeManager-Info.plist */ = {isa = PBXFileReference; lastKnownFileType = text.plist.xml; path = "ThemeManager-Info.plist"; sourceTree = "<group>"; };
		6003F597195388D20070C39A /* en */ = {isa = PBXFileReference; lastKnownFileType = text.plist.strings; name = en; path = en.lproj/InfoPlist.strings; sourceTree = "<group>"; };
		6003F599195388D20070C39A /* main.m */ = {isa = PBXFileReference; lastKnownFileType = sourcecode.c.objc; path = main.m; sourceTree = "<group>"; };
		6003F59B195388D20070C39A /* ThemeManager-Prefix.pch */ = {isa = PBXFileReference; lastKnownFileType = sourcecode.c.h; path = "ThemeManager-Prefix.pch"; sourceTree = "<group>"; };
		6003F59C195388D20070C39A /* zhAppDelegate.h */ = {isa = PBXFileReference; lastKnownFileType = sourcecode.c.h; path = zhAppDelegate.h; sourceTree = "<group>"; };
		6003F59D195388D20070C39A /* zhAppDelegate.m */ = {isa = PBXFileReference; lastKnownFileType = sourcecode.c.objc; path = zhAppDelegate.m; sourceTree = "<group>"; };
		6003F5A8195388D20070C39A /* Images.xcassets */ = {isa = PBXFileReference; lastKnownFileType = folder.assetcatalog; path = Images.xcassets; sourceTree = "<group>"; };
		6003F5AE195388D20070C39A /* ThemeManager_Tests.xctest */ = {isa = PBXFileReference; explicitFileType = wrapper.cfbundle; includeInIndex = 0; path = ThemeManager_Tests.xctest; sourceTree = BUILT_PRODUCTS_DIR; };
		6003F5AF195388D20070C39A /* XCTest.framework */ = {isa = PBXFileReference; lastKnownFileType = wrapper.framework; name = XCTest.framework; path = Library/Frameworks/XCTest.framework; sourceTree = DEVELOPER_DIR; };
		6003F5B7195388D20070C39A /* Tests-Info.plist */ = {isa = PBXFileReference; lastKnownFileType = text.plist.xml; path = "Tests-Info.plist"; sourceTree = "<group>"; };
		6003F5B9195388D20070C39A /* en */ = {isa = PBXFileReference; lastKnownFileType = text.plist.strings; name = en; path = en.lproj/InfoPlist.strings; sourceTree = "<group>"; };
		6003F5BB195388D20070C39A /* Tests.m */ = {isa = PBXFileReference; lastKnownFileType = sourcecode.c.objc; path = Tests.m; sourceTree = "<group>"; };
		606FC2411953D9B200FFA9A0 /* Tests-Prefix.pch */ = {isa = PBXFileReference; lastKnownFileType = sourcecode.c.h; path = "Tests-Prefix.pch"; sourceTree = "<group>"; };
		6193F9CF221BF3460028BBA8 /* mybundle.bundle */ = {isa = PBXFileReference; lastKnownFileType = "wrapper.plug-in"; path = mybundle.bundle; sourceTree = "<group>"; };
		6193F9D0221BF3470028BBA8 /* ThemeInfo.plist */ = {isa = PBXFileReference; fileEncoding = 4; lastKnownFileType = text.plist.xml; path = ThemeInfo.plist; sourceTree = "<group>"; };
		6193F9D3221BF5F00028BBA8 /* zhThemeOperator.h */ = {isa = PBXFileReference; lastKnownFileType = sourcecode.c.h; path = zhThemeOperator.h; sourceTree = "<group>"; };
		6193F9D4221BF5F00028BBA8 /* zhThemeOperator.m */ = {isa = PBXFileReference; lastKnownFileType = sourcecode.c.objc; path = zhThemeOperator.m; sourceTree = "<group>"; };
		670CBCC380D6C087D870257F /* Pods_ThemeManager_Example.framework */ = {isa = PBXFileReference; explicitFileType = wrapper.framework; includeInIndex = 0; path = Pods_ThemeManager_Example.framework; sourceTree = BUILT_PRODUCTS_DIR; };
		71719F9E1E33DC2100824A3D /* Base */ = {isa = PBXFileReference; lastKnownFileType = file.storyboard; name = Base; path = Base.lproj/LaunchScreen.storyboard; sourceTree = "<group>"; };
		873B8AEA1B1F5CCA007FD442 /* Main.storyboard */ = {isa = PBXFileReference; fileEncoding = 4; lastKnownFileType = file.storyboard; name = Main.storyboard; path = Base.lproj/Main.storyboard; sourceTree = "<group>"; };
		968CF9A2EA82CEE1FFE3110E /* Pods-ThemeManager_Tests.debug.xcconfig */ = {isa = PBXFileReference; includeInIndex = 1; lastKnownFileType = text.xcconfig; name = "Pods-ThemeManager_Tests.debug.xcconfig"; path = "Pods/Target Support Files/Pods-ThemeManager_Tests/Pods-ThemeManager_Tests.debug.xcconfig"; sourceTree = "<group>"; };
		CB9C930815CF1B253D8199BB /* Pods-ThemeManager_Tests.release.xcconfig */ = {isa = PBXFileReference; includeInIndex = 1; lastKnownFileType = text.xcconfig; name = "Pods-ThemeManager_Tests.release.xcconfig"; path = "Pods/Target Support Files/Pods-ThemeManager_Tests/Pods-ThemeManager_Tests.release.xcconfig"; sourceTree = "<group>"; };
		F07BD4ADB09008B76194AE4D /* README.md */ = {isa = PBXFileReference; includeInIndex = 1; lastKnownFileType = net.daringfireball.markdown; name = README.md; path = ../README.md; sourceTree = "<group>"; };
		F24376101F57F5B7000852C7 /* zhNextViewController.h */ = {isa = PBXFileReference; fileEncoding = 4; lastKnownFileType = sourcecode.c.h; path = zhNextViewController.h; sourceTree = "<group>"; };
		F24376111F57F5B7000852C7 /* zhNextViewController.m */ = {isa = PBXFileReference; fileEncoding = 4; lastKnownFileType = sourcecode.c.objc; path = zhNextViewController.m; sourceTree = "<group>"; };
		F24376131F580004000852C7 /* zhDetailViewController.h */ = {isa = PBXFileReference; fileEncoding = 4; lastKnownFileType = sourcecode.c.h; path = zhDetailViewController.h; sourceTree = "<group>"; };
		F24376141F580004000852C7 /* zhDetailViewController.m */ = {isa = PBXFileReference; fileEncoding = 4; lastKnownFileType = sourcecode.c.objc; path = zhDetailViewController.m; sourceTree = "<group>"; };
		F24376161F583281000852C7 /* details_dark.png */ = {isa = PBXFileReference; lastKnownFileType = image.png; path = details_dark.png; sourceTree = "<group>"; };
		F24376171F583281000852C7 /* details_white.png */ = {isa = PBXFileReference; lastKnownFileType = image.png; path = details_white.png; sourceTree = "<group>"; };
		F243761E1F584BC7000852C7 /* 604-p00551.png */ = {isa = PBXFileReference; lastKnownFileType = image.png; path = "604-p00551.png"; sourceTree = "<group>"; };
		F243761F1F584BC7000852C7 /* 604-p01490.png */ = {isa = PBXFileReference; lastKnownFileType = image.png; path = "604-p01490.png"; sourceTree = "<group>"; };
		F24376201F584BC7000852C7 /* 604-p01505.png */ = {isa = PBXFileReference; lastKnownFileType = image.png; path = "604-p01505.png"; sourceTree = "<group>"; };
		F24376211F584BC7000852C7 /* ph1449-p02096.png */ = {isa = PBXFileReference; lastKnownFileType = image.png; path = "ph1449-p02096.png"; sourceTree = "<group>"; };
		F24376221F584BC7000852C7 /* ph1449-p02098.png */ = {isa = PBXFileReference; lastKnownFileType = image.png; path = "ph1449-p02098.png"; sourceTree = "<group>"; };
		F24376231F584BC7000852C7 /* ph1449-p02101.png */ = {isa = PBXFileReference; lastKnownFileType = image.png; path = "ph1449-p02101.png"; sourceTree = "<group>"; };
		F24376251F584BC7000852C7 /* mf700-00014329.png */ = {isa = PBXFileReference; lastKnownFileType = image.png; path = "mf700-00014329.png"; sourceTree = "<group>"; };
		F24376261F584BC7000852C7 /* mf700-00014344.png */ = {isa = PBXFileReference; lastKnownFileType = image.png; path = "mf700-00014344.png"; sourceTree = "<group>"; };
		F24376271F584BC7000852C7 /* mf700-00021233.png */ = {isa = PBXFileReference; lastKnownFileType = image.png; path = "mf700-00021233.png"; sourceTree = "<group>"; };
		F24376281F584BC7000852C7 /* mf700-01036711.png */ = {isa = PBXFileReference; lastKnownFileType = image.png; path = "mf700-01036711.png"; sourceTree = "<group>"; };
		F24376291F584BC7000852C7 /* mf700-02883145.png */ = {isa = PBXFileReference; lastKnownFileType = image.png; path = "mf700-02883145.png"; sourceTree = "<group>"; };
		F24376351F58502E000852C7 /* NSObject+AssociatedObject.h */ = {isa = PBXFileReference; fileEncoding = 4; lastKnownFileType = sourcecode.c.h; path = "NSObject+AssociatedObject.h"; sourceTree = "<group>"; };
		F24376361F58502E000852C7 /* NSObject+AssociatedObject.m */ = {isa = PBXFileReference; fileEncoding = 4; lastKnownFileType = sourcecode.c.objc; path = "NSObject+AssociatedObject.m"; sourceTree = "<group>"; };
		F24B7C5A1FBB31CC00D1088B /* zhTestView.h */ = {isa = PBXFileReference; lastKnownFileType = sourcecode.c.h; path = zhTestView.h; sourceTree = "<group>"; };
		F24B7C5B1FBB31CC00D1088B /* zhTestView.m */ = {isa = PBXFileReference; lastKnownFileType = sourcecode.c.objc; path = zhTestView.m; sourceTree = "<group>"; };
		F2500BDD1F57DE6B002FF5CB /* UIColor+Extend.h */ = {isa = PBXFileReference; fileEncoding = 4; lastKnownFileType = sourcecode.c.h; path = "UIColor+Extend.h"; sourceTree = "<group>"; };
		F2500BDE1F57DE6B002FF5CB /* UIColor+Extend.m */ = {isa = PBXFileReference; fileEncoding = 4; lastKnownFileType = sourcecode.c.objc; path = "UIColor+Extend.m"; sourceTree = "<group>"; };
		F2500BDF1F57DE6B002FF5CB /* UIImage+Color.h */ = {isa = PBXFileReference; fileEncoding = 4; lastKnownFileType = sourcecode.c.h; path = "UIImage+Color.h"; sourceTree = "<group>"; };
		F2500BE01F57DE6B002FF5CB /* UIImage+Color.m */ = {isa = PBXFileReference; fileEncoding = 4; lastKnownFileType = sourcecode.c.objc; path = "UIImage+Color.m"; sourceTree = "<group>"; };
		F2500BE11F57DE6B002FF5CB /* UIView+Layout.h */ = {isa = PBXFileReference; fileEncoding = 4; lastKnownFileType = sourcecode.c.h; path = "UIView+Layout.h"; sourceTree = "<group>"; };
		F2500BE21F57DE6B002FF5CB /* UIView+Layout.m */ = {isa = PBXFileReference; fileEncoding = 4; lastKnownFileType = sourcecode.c.objc; path = "UIView+Layout.m"; sourceTree = "<group>"; };
		F2500BE31F57DE6B002FF5CB /* UIViewController+zhStatusBarStyle.h */ = {isa = PBXFileReference; fileEncoding = 4; lastKnownFileType = sourcecode.c.h; path = "UIViewController+zhStatusBarStyle.h"; sourceTree = "<group>"; };
		F2500BE41F57DE6B002FF5CB /* UIViewController+zhStatusBarStyle.m */ = {isa = PBXFileReference; fileEncoding = 4; lastKnownFileType = sourcecode.c.objc; path = "UIViewController+zhStatusBarStyle.m"; sourceTree = "<group>"; };
		F2500BEB1F57DFB2002FF5CB /* zhProgressView.h */ = {isa = PBXFileReference; fileEncoding = 4; lastKnownFileType = sourcecode.c.h; path = zhProgressView.h; sourceTree = "<group>"; };
		F2500BEC1F57DFB2002FF5CB /* zhProgressView.m */ = {isa = PBXFileReference; fileEncoding = 4; lastKnownFileType = sourcecode.c.objc; path = zhProgressView.m; sourceTree = "<group>"; };
		F2500BEE1F57E0AA002FF5CB /* zhFirstViewController.h */ = {isa = PBXFileReference; fileEncoding = 4; lastKnownFileType = sourcecode.c.h; path = zhFirstViewController.h; sourceTree = "<group>"; };
		F2500BEF1F57E0AA002FF5CB /* zhFirstViewController.m */ = {isa = PBXFileReference; fileEncoding = 4; lastKnownFileType = sourcecode.c.objc; path = zhFirstViewController.m; sourceTree = "<group>"; };
		F2500BF01F57E0AA002FF5CB /* zhSecondViewController.h */ = {isa = PBXFileReference; fileEncoding = 4; lastKnownFileType = sourcecode.c.h; path = zhSecondViewController.h; sourceTree = "<group>"; };
		F2500BF11F57E0AA002FF5CB /* zhSecondViewController.m */ = {isa = PBXFileReference; fileEncoding = 4; lastKnownFileType = sourcecode.c.objc; path = zhSecondViewController.m; sourceTree = "<group>"; };
		F2500BF21F57E0AA002FF5CB /* zhTabBarController.h */ = {isa = PBXFileReference; fileEncoding = 4; lastKnownFileType = sourcecode.c.h; path = zhTabBarController.h; sourceTree = "<group>"; };
		F2500BF31F57E0AA002FF5CB /* zhTabBarController.m */ = {isa = PBXFileReference; fileEncoding = 4; lastKnownFileType = sourcecode.c.objc; path = zhTabBarController.m; sourceTree = "<group>"; };
		F2500BF41F57E0AA002FF5CB /* zhThirdViewController.h */ = {isa = PBXFileReference; fileEncoding = 4; lastKnownFileType = sourcecode.c.h; path = zhThirdViewController.h; sourceTree = "<group>"; };
		F2500BF51F57E0AA002FF5CB /* zhThirdViewController.m */ = {isa = PBXFileReference; fileEncoding = 4; lastKnownFileType = sourcecode.c.objc; path = zhThirdViewController.m; sourceTree = "<group>"; };
		F2500BFA1F57E0D1002FF5CB /* zhNavigationController.h */ = {isa = PBXFileReference; fileEncoding = 4; lastKnownFileType = sourcecode.c.h; path = zhNavigationController.h; sourceTree = "<group>"; };
		F2500BFB1F57E0D1002FF5CB /* zhNavigationController.m */ = {isa = PBXFileReference; fileEncoding = 4; lastKnownFileType = sourcecode.c.objc; path = zhNavigationController.m; sourceTree = "<group>"; };
		F2500C071F57EB9F002FF5CB /* go_back.png */ = {isa = PBXFileReference; lastKnownFileType = image.png; path = go_back.png; sourceTree = "<group>"; };
		F2500C081F57EB9F002FF5CB /* switch_off.png */ = {isa = PBXFileReference; lastKnownFileType = image.png; path = switch_off.png; sourceTree = "<group>"; };
		F2500C091F57EB9F002FF5CB /* switch_on.png */ = {isa = PBXFileReference; lastKnownFileType = image.png; path = switch_on.png; sourceTree = "<group>"; };
		F2500C0A1F57EB9F002FF5CB /* switchover.png */ = {isa = PBXFileReference; lastKnownFileType = image.png; path = switchover.png; sourceTree = "<group>"; };
		F2500C0C1F57EB9F002FF5CB /* day_discover@3x.png */ = {isa = PBXFileReference; lastKnownFileType = image.png; path = "day_discover@3x.png"; sourceTree = "<group>"; };
		F2500C0D1F57EB9F002FF5CB /* day_home@3x.png */ = {isa = PBXFileReference; lastKnownFileType = image.png; path = "day_home@3x.png"; sourceTree = "<group>"; };
		F2500C0E1F57EB9F002FF5CB /* day_me@3x.png */ = {isa = PBXFileReference; lastKnownFileType = image.png; path = "day_me@3x.png"; sourceTree = "<group>"; };
		F2500C0F1F57EB9F002FF5CB /* night_discover@3x.png */ = {isa = PBXFileReference; lastKnownFileType = image.png; path = "night_discover@3x.png"; sourceTree = "<group>"; };
		F2500C101F57EB9F002FF5CB /* night_home@3x.png */ = {isa = PBXFileReference; lastKnownFileType = image.png; path = "night_home@3x.png"; sourceTree = "<group>"; };
		F2500C111F57EB9F002FF5CB /* night_me@3x.png */ = {isa = PBXFileReference; lastKnownFileType = image.png; path = "night_me@3x.png"; sourceTree = "<group>"; };
		F2500C121F57EB9F002FF5CB /* style1_discover@3x.png */ = {isa = PBXFileReference; lastKnownFileType = image.png; path = "style1_discover@3x.png"; sourceTree = "<group>"; };
		F2500C131F57EB9F002FF5CB /* style1_home@3x.png */ = {isa = PBXFileReference; lastKnownFileType = image.png; path = "style1_home@3x.png"; sourceTree = "<group>"; };
		F2500C141F57EB9F002FF5CB /* style1_me@3x.png */ = {isa = PBXFileReference; lastKnownFileType = image.png; path = "style1_me@3x.png"; sourceTree = "<group>"; };
		F2500C151F57EB9F002FF5CB /* style2_discover@3x.png */ = {isa = PBXFileReference; lastKnownFileType = image.png; path = "style2_discover@3x.png"; sourceTree = "<group>"; };
		F2500C161F57EB9F002FF5CB /* style2_home@3x.png */ = {isa = PBXFileReference; lastKnownFileType = image.png; path = "style2_home@3x.png"; sourceTree = "<group>"; };
		F2500C171F57EB9F002FF5CB /* style2_me@3x.png */ = {isa = PBXFileReference; lastKnownFileType = image.png; path = "style2_me@3x.png"; sourceTree = "<group>"; };
		F2500C181F57EB9F002FF5CB /* style3_discover@3x.png */ = {isa = PBXFileReference; lastKnownFileType = image.png; path = "style3_discover@3x.png"; sourceTree = "<group>"; };
		F2500C191F57EB9F002FF5CB /* style3_home@3x.png */ = {isa = PBXFileReference; lastKnownFileType = image.png; path = "style3_home@3x.png"; sourceTree = "<group>"; };
		F2500C1A1F57EB9F002FF5CB /* style3_me@3x.png */ = {isa = PBXFileReference; lastKnownFileType = image.png; path = "style3_me@3x.png"; sourceTree = "<group>"; };
		F2BD440D1F6EB2B4005AED6E /* zhSwitchButton.h */ = {isa = PBXFileReference; fileEncoding = 4; lastKnownFileType = sourcecode.c.h; path = zhSwitchButton.h; sourceTree = "<group>"; };
		F2BD440E1F6EB2B4005AED6E /* zhSwitchButton.m */ = {isa = PBXFileReference; fileEncoding = 4; lastKnownFileType = sourcecode.c.objc; path = zhSwitchButton.m; sourceTree = "<group>"; };
		FC0182FC93C96567267FDA70 /* LICENSE */ = {isa = PBXFileReference; includeInIndex = 1; lastKnownFileType = text; name = LICENSE; path = ../LICENSE; sourceTree = "<group>"; };
/* End PBXFileReference section */

/* Begin PBXFrameworksBuildPhase section */
		6003F587195388D20070C39A /* Frameworks */ = {
			isa = PBXFrameworksBuildPhase;
			buildActionMask = 2147483647;
			files = (
				6003F590195388D20070C39A /* CoreGraphics.framework in Frameworks */,
				6003F592195388D20070C39A /* UIKit.framework in Frameworks */,
				6003F58E195388D20070C39A /* Foundation.framework in Frameworks */,
				28A928FDB7D9A3EC2646FFEA /* Pods_ThemeManager_Example.framework in Frameworks */,
			);
			runOnlyForDeploymentPostprocessing = 0;
		};
		6003F5AB195388D20070C39A /* Frameworks */ = {
			isa = PBXFrameworksBuildPhase;
			buildActionMask = 2147483647;
			files = (
				6003F5B0195388D20070C39A /* XCTest.framework in Frameworks */,
				6003F5B2195388D20070C39A /* UIKit.framework in Frameworks */,
				6003F5B1195388D20070C39A /* Foundation.framework in Frameworks */,
				A2AD7D00B2B87E6EDECB4199 /* Pods_ThemeManager_Tests.framework in Frameworks */,
			);
			runOnlyForDeploymentPostprocessing = 0;
		};
/* End PBXFrameworksBuildPhase section */

/* Begin PBXGroup section */
		1782180A423DB5769DD2D480 /* Pods */ = {
			isa = PBXGroup;
			children = (
				43D5C051C418BF7CA0C9CE51 /* Pods-ThemeManager_Example.debug.xcconfig */,
				18C7129AA7E184CCBCEE6E6D /* Pods-ThemeManager_Example.release.xcconfig */,
				968CF9A2EA82CEE1FFE3110E /* Pods-ThemeManager_Tests.debug.xcconfig */,
				CB9C930815CF1B253D8199BB /* Pods-ThemeManager_Tests.release.xcconfig */,
			);
			name = Pods;
			sourceTree = "<group>";
		};
		6003F581195388D10070C39A = {
			isa = PBXGroup;
			children = (
				60FF7A9C1954A5C5007DD14C /* Podspec Metadata */,
				6003F593195388D20070C39A /* Example for ThemeManager */,
				F2500BDC1F57DE6B002FF5CB /* Utilities */,
				F2500C041F57EB9F002FF5CB /* Images */,
				6003F5B5195388D20070C39A /* Tests */,
				6003F58C195388D20070C39A /* Frameworks */,
				6003F58B195388D20070C39A /* Products */,
				1782180A423DB5769DD2D480 /* Pods */,
			);
			sourceTree = "<group>";
		};
		6003F58B195388D20070C39A /* Products */ = {
			isa = PBXGroup;
			children = (
				6003F58A195388D20070C39A /* ThemeManager_Example.app */,
				6003F5AE195388D20070C39A /* ThemeManager_Tests.xctest */,
			);
			name = Products;
			sourceTree = "<group>";
		};
		6003F58C195388D20070C39A /* Frameworks */ = {
			isa = PBXGroup;
			children = (
				6003F58D195388D20070C39A /* Foundation.framework */,
				6003F58F195388D20070C39A /* CoreGraphics.framework */,
				6003F591195388D20070C39A /* UIKit.framework */,
				6003F5AF195388D20070C39A /* XCTest.framework */,
				670CBCC380D6C087D870257F /* Pods_ThemeManager_Example.framework */,
				49D4FB15F6719882C3CF6D48 /* Pods_ThemeManager_Tests.framework */,
			);
			name = Frameworks;
			sourceTree = "<group>";
		};
		6003F593195388D20070C39A /* Example for ThemeManager */ = {
			isa = PBXGroup;
			children = (
				F2500C2F1F57EC3E002FF5CB /* ThemeFiles */,
				F2500BEA1F57DFA3002FF5CB /* Views */,
				F2500BE91F57DF83002FF5CB /* Classes */,
				6003F59C195388D20070C39A /* zhAppDelegate.h */,
				6003F59D195388D20070C39A /* zhAppDelegate.m */,
				6193F9D3221BF5F00028BBA8 /* zhThemeOperator.h */,
				6193F9D4221BF5F00028BBA8 /* zhThemeOperator.m */,
				873B8AEA1B1F5CCA007FD442 /* Main.storyboard */,
				71719F9D1E33DC2100824A3D /* LaunchScreen.storyboard */,
				6003F5A8195388D20070C39A /* Images.xcassets */,
				6003F594195388D20070C39A /* Supporting Files */,
			);
			name = "Example for ThemeManager";
			path = ThemeManager;
			sourceTree = "<group>";
		};
		6003F594195388D20070C39A /* Supporting Files */ = {
			isa = PBXGroup;
			children = (
				6003F595195388D20070C39A /* ThemeManager-Info.plist */,
				6003F596195388D20070C39A /* InfoPlist.strings */,
				6003F599195388D20070C39A /* main.m */,
				6003F59B195388D20070C39A /* ThemeManager-Prefix.pch */,
			);
			name = "Supporting Files";
			sourceTree = "<group>";
		};
		6003F5B5195388D20070C39A /* Tests */ = {
			isa = PBXGroup;
			children = (
				6003F5BB195388D20070C39A /* Tests.m */,
				6003F5B6195388D20070C39A /* Supporting Files */,
			);
			path = Tests;
			sourceTree = "<group>";
		};
		6003F5B6195388D20070C39A /* Supporting Files */ = {
			isa = PBXGroup;
			children = (
				6003F5B7195388D20070C39A /* Tests-Info.plist */,
				6003F5B8195388D20070C39A /* InfoPlist.strings */,
				606FC2411953D9B200FFA9A0 /* Tests-Prefix.pch */,
			);
			name = "Supporting Files";
			sourceTree = "<group>";
		};
		60FF7A9C1954A5C5007DD14C /* Podspec Metadata */ = {
			isa = PBXGroup;
			children = (
				3D3070FFBF3E247D63B2FB41 /* ThemeManager.podspec */,
				F07BD4ADB09008B76194AE4D /* README.md */,
				FC0182FC93C96567267FDA70 /* LICENSE */,
			);
			name = "Podspec Metadata";
			sourceTree = "<group>";
		};
		F243761D1F584BC7000852C7 /* background1 */ = {
			isa = PBXGroup;
			children = (
				F243761E1F584BC7000852C7 /* 604-p00551.png */,
				F243761F1F584BC7000852C7 /* 604-p01490.png */,
				F24376201F584BC7000852C7 /* 604-p01505.png */,
				F24376211F584BC7000852C7 /* ph1449-p02096.png */,
				F24376221F584BC7000852C7 /* ph1449-p02098.png */,
				F24376231F584BC7000852C7 /* ph1449-p02101.png */,
			);
			path = background1;
			sourceTree = "<group>";
		};
		F24376241F584BC7000852C7 /* background2 */ = {
			isa = PBXGroup;
			children = (
				F24376251F584BC7000852C7 /* mf700-00014329.png */,
				F24376261F584BC7000852C7 /* mf700-00014344.png */,
				F24376271F584BC7000852C7 /* mf700-00021233.png */,
				F24376281F584BC7000852C7 /* mf700-01036711.png */,
				F24376291F584BC7000852C7 /* mf700-02883145.png */,
			);
			path = background2;
			sourceTree = "<group>";
		};
		F2500BDC1F57DE6B002FF5CB /* Utilities */ = {
			isa = PBXGroup;
			children = (
				F2500BDD1F57DE6B002FF5CB /* UIColor+Extend.h */,
				F2500BDE1F57DE6B002FF5CB /* UIColor+Extend.m */,
				F2500BDF1F57DE6B002FF5CB /* UIImage+Color.h */,
				F2500BE01F57DE6B002FF5CB /* UIImage+Color.m */,
				F2500BE11F57DE6B002FF5CB /* UIView+Layout.h */,
				F2500BE21F57DE6B002FF5CB /* UIView+Layout.m */,
				F2500BE31F57DE6B002FF5CB /* UIViewController+zhStatusBarStyle.h */,
				F2500BE41F57DE6B002FF5CB /* UIViewController+zhStatusBarStyle.m */,
				F24376351F58502E000852C7 /* NSObject+AssociatedObject.h */,
				F24376361F58502E000852C7 /* NSObject+AssociatedObject.m */,
			);
			name = Utilities;
			path = ThemeManager/Utilities;
			sourceTree = "<group>";
		};
		F2500BE91F57DF83002FF5CB /* Classes */ = {
			isa = PBXGroup;
			children = (
				F2500BF21F57E0AA002FF5CB /* zhTabBarController.h */,
				F2500BF31F57E0AA002FF5CB /* zhTabBarController.m */,
				F2500BFA1F57E0D1002FF5CB /* zhNavigationController.h */,
				F2500BFB1F57E0D1002FF5CB /* zhNavigationController.m */,
				F2500BEE1F57E0AA002FF5CB /* zhFirstViewController.h */,
				F2500BEF1F57E0AA002FF5CB /* zhFirstViewController.m */,
				F2500BF01F57E0AA002FF5CB /* zhSecondViewController.h */,
				F2500BF11F57E0AA002FF5CB /* zhSecondViewController.m */,
				F2500BF41F57E0AA002FF5CB /* zhThirdViewController.h */,
				F2500BF51F57E0AA002FF5CB /* zhThirdViewController.m */,
				F24376101F57F5B7000852C7 /* zhNextViewController.h */,
				F24376111F57F5B7000852C7 /* zhNextViewController.m */,
				F24376131F580004000852C7 /* zhDetailViewController.h */,
				F24376141F580004000852C7 /* zhDetailViewController.m */,
			);
			path = Classes;
			sourceTree = "<group>";
		};
		F2500BEA1F57DFA3002FF5CB /* Views */ = {
			isa = PBXGroup;
			children = (
				F2500BEB1F57DFB2002FF5CB /* zhProgressView.h */,
				F2500BEC1F57DFB2002FF5CB /* zhProgressView.m */,
				F2BD440D1F6EB2B4005AED6E /* zhSwitchButton.h */,
				F2BD440E1F6EB2B4005AED6E /* zhSwitchButton.m */,
				F24B7C5A1FBB31CC00D1088B /* zhTestView.h */,
				F24B7C5B1FBB31CC00D1088B /* zhTestView.m */,
			);
			path = Views;
			sourceTree = "<group>";
		};
		F2500C041F57EB9F002FF5CB /* Images */ = {
			isa = PBXGroup;
			children = (
				F243761D1F584BC7000852C7 /* background1 */,
				F24376241F584BC7000852C7 /* background2 */,
				F2500C051F57EB9F002FF5CB /* other */,
				F2500C0B1F57EB9F002FF5CB /* tabbar_icon */,
			);
			name = Images;
			path = ThemeManager/Images;
			sourceTree = "<group>";
		};
		F2500C051F57EB9F002FF5CB /* other */ = {
			isa = PBXGroup;
			children = (
				F24376161F583281000852C7 /* details_dark.png */,
				F24376171F583281000852C7 /* details_white.png */,
				F2500C071F57EB9F002FF5CB /* go_back.png */,
				F2500C081F57EB9F002FF5CB /* switch_off.png */,
				F2500C091F57EB9F002FF5CB /* switch_on.png */,
				F2500C0A1F57EB9F002FF5CB /* switchover.png */,
			);
			path = other;
			sourceTree = "<group>";
		};
		F2500C0B1F57EB9F002FF5CB /* tabbar_icon */ = {
			isa = PBXGroup;
			children = (
				F2500C0C1F57EB9F002FF5CB /* day_discover@3x.png */,
				F2500C0D1F57EB9F002FF5CB /* day_home@3x.png */,
				F2500C0E1F57EB9F002FF5CB /* day_me@3x.png */,
				F2500C0F1F57EB9F002FF5CB /* night_discover@3x.png */,
				F2500C101F57EB9F002FF5CB /* night_home@3x.png */,
				F2500C111F57EB9F002FF5CB /* night_me@3x.png */,
				F2500C121F57EB9F002FF5CB /* style1_discover@3x.png */,
				F2500C131F57EB9F002FF5CB /* style1_home@3x.png */,
				F2500C141F57EB9F002FF5CB /* style1_me@3x.png */,
				F2500C151F57EB9F002FF5CB /* style2_discover@3x.png */,
				F2500C161F57EB9F002FF5CB /* style2_home@3x.png */,
				F2500C171F57EB9F002FF5CB /* style2_me@3x.png */,
				F2500C181F57EB9F002FF5CB /* style3_discover@3x.png */,
				F2500C191F57EB9F002FF5CB /* style3_home@3x.png */,
				F2500C1A1F57EB9F002FF5CB /* style3_me@3x.png */,
			);
			path = tabbar_icon;
			sourceTree = "<group>";
		};
		F2500C2F1F57EC3E002FF5CB /* ThemeFiles */ = {
			isa = PBXGroup;
			children = (
				6193F9D0221BF3470028BBA8 /* ThemeInfo.plist */,
				6193F9CF221BF3460028BBA8 /* mybundle.bundle */,
			);
			path = ThemeFiles;
			sourceTree = "<group>";
		};
/* End PBXGroup section */

/* Begin PBXNativeTarget section */
		6003F589195388D20070C39A /* ThemeManager_Example */ = {
			isa = PBXNativeTarget;
			buildConfigurationList = 6003F5BF195388D20070C39A /* Build configuration list for PBXNativeTarget "ThemeManager_Example" */;
			buildPhases = (
				474EEC4143BABF690AC9B413 /* [CP] Check Pods Manifest.lock */,
				6003F586195388D20070C39A /* Sources */,
				6003F587195388D20070C39A /* Frameworks */,
				6003F588195388D20070C39A /* Resources */,
				4C959283CA8F0FD29AA35089 /* [CP] Embed Pods Frameworks */,
			);
			buildRules = (
			);
			dependencies = (
			);
			name = ThemeManager_Example;
			productName = ThemeManager;
			productReference = 6003F58A195388D20070C39A /* ThemeManager_Example.app */;
			productType = "com.apple.product-type.application";
		};
		6003F5AD195388D20070C39A /* ThemeManager_Tests */ = {
			isa = PBXNativeTarget;
			buildConfigurationList = 6003F5C2195388D20070C39A /* Build configuration list for PBXNativeTarget "ThemeManager_Tests" */;
			buildPhases = (
				CF28AF2B1EFB4FEDF7FE3E71 /* [CP] Check Pods Manifest.lock */,
				6003F5AA195388D20070C39A /* Sources */,
				6003F5AB195388D20070C39A /* Frameworks */,
				6003F5AC195388D20070C39A /* Resources */,
			);
			buildRules = (
			);
			dependencies = (
				6003F5B4195388D20070C39A /* PBXTargetDependency */,
			);
			name = ThemeManager_Tests;
			productName = ThemeManagerTests;
			productReference = 6003F5AE195388D20070C39A /* ThemeManager_Tests.xctest */;
			productType = "com.apple.product-type.bundle.unit-test";
		};
/* End PBXNativeTarget section */

/* Begin PBXProject section */
		6003F582195388D10070C39A /* Project object */ = {
			isa = PBXProject;
			attributes = {
				CLASSPREFIX = zh;
				LastUpgradeCheck = 1000;
				ORGANIZATIONNAME = "snail-z";
				TargetAttributes = {
					6003F589195388D20070C39A = {
						DevelopmentTeam = 854W7RF9GY;
					};
					6003F5AD195388D20070C39A = {
						TestTargetID = 6003F589195388D20070C39A;
					};
				};
			};
			buildConfigurationList = 6003F585195388D10070C39A /* Build configuration list for PBXProject "ThemeManager" */;
			compatibilityVersion = "Xcode 3.2";
			developmentRegion = English;
			hasScannedForEncodings = 0;
			knownRegions = (
				en,
				Base,
			);
			mainGroup = 6003F581195388D10070C39A;
			productRefGroup = 6003F58B195388D20070C39A /* Products */;
			projectDirPath = "";
			projectRoot = "";
			targets = (
				6003F589195388D20070C39A /* ThemeManager_Example */,
				6003F5AD195388D20070C39A /* ThemeManager_Tests */,
			);
		};
/* End PBXProject section */

/* Begin PBXResourcesBuildPhase section */
		6003F588195388D20070C39A /* Resources */ = {
			isa = PBXResourcesBuildPhase;
			buildActionMask = 2147483647;
			files = (
				F2500C1C1F57EB9F002FF5CB /* go_back.png in Resources */,
				F2500C251F57EB9F002FF5CB /* night_me@3x.png in Resources */,
				F24376331F584BC7000852C7 /* mf700-01036711.png in Resources */,
				F24376191F583281000852C7 /* details_white.png in Resources */,
				F24376301F584BC7000852C7 /* mf700-00014329.png in Resources */,
				F2500C271F57EB9F002FF5CB /* style1_home@3x.png in Resources */,
				F2500C2E1F57EB9F002FF5CB /* style3_me@3x.png in Resources */,
				F2500C2D1F57EB9F002FF5CB /* style3_home@3x.png in Resources */,
				F2500C2A1F57EB9F002FF5CB /* style2_home@3x.png in Resources */,
				F2500C241F57EB9F002FF5CB /* night_home@3x.png in Resources */,
				F2500C231F57EB9F002FF5CB /* night_discover@3x.png in Resources */,
				F2500C261F57EB9F002FF5CB /* style1_discover@3x.png in Resources */,
				F24376181F583281000852C7 /* details_dark.png in Resources */,
				F243762C1F584BC7000852C7 /* 604-p01505.png in Resources */,
				F2500C2C1F57EB9F002FF5CB /* style3_discover@3x.png in Resources */,
				F24376311F584BC7000852C7 /* mf700-00014344.png in Resources */,
				6193F9D2221BF3470028BBA8 /* ThemeInfo.plist in Resources */,
				873B8AEB1B1F5CCA007FD442 /* Main.storyboard in Resources */,
				F24376341F584BC7000852C7 /* mf700-02883145.png in Resources */,
				F243762E1F584BC7000852C7 /* ph1449-p02098.png in Resources */,
				F2500C291F57EB9F002FF5CB /* style2_discover@3x.png in Resources */,
				F2500C1F1F57EB9F002FF5CB /* switchover.png in Resources */,
				F243762A1F584BC7000852C7 /* 604-p00551.png in Resources */,
				71719F9F1E33DC2100824A3D /* LaunchScreen.storyboard in Resources */,
				6193F9D1221BF3470028BBA8 /* mybundle.bundle in Resources */,
				F2500C2B1F57EB9F002FF5CB /* style2_me@3x.png in Resources */,
				6003F5A9195388D20070C39A /* Images.xcassets in Resources */,
				F2500C281F57EB9F002FF5CB /* style1_me@3x.png in Resources */,
				F2500C221F57EB9F002FF5CB /* day_me@3x.png in Resources */,
				6003F598195388D20070C39A /* InfoPlist.strings in Resources */,
				F243762B1F584BC7000852C7 /* 604-p01490.png in Resources */,
				F2500C201F57EB9F002FF5CB /* day_discover@3x.png in Resources */,
				F243762D1F584BC7000852C7 /* ph1449-p02096.png in Resources */,
				F24376321F584BC7000852C7 /* mf700-00021233.png in Resources */,
				F2500C1E1F57EB9F002FF5CB /* switch_on.png in Resources */,
				F243762F1F584BC7000852C7 /* ph1449-p02101.png in Resources */,
				F2500C1D1F57EB9F002FF5CB /* switch_off.png in Resources */,
				F2500C211F57EB9F002FF5CB /* day_home@3x.png in Resources */,
			);
			runOnlyForDeploymentPostprocessing = 0;
		};
		6003F5AC195388D20070C39A /* Resources */ = {
			isa = PBXResourcesBuildPhase;
			buildActionMask = 2147483647;
			files = (
				6003F5BA195388D20070C39A /* InfoPlist.strings in Resources */,
			);
			runOnlyForDeploymentPostprocessing = 0;
		};
/* End PBXResourcesBuildPhase section */

/* Begin PBXShellScriptBuildPhase section */
		474EEC4143BABF690AC9B413 /* [CP] Check Pods Manifest.lock */ = {
			isa = PBXShellScriptBuildPhase;
			buildActionMask = 2147483647;
			files = (
			);
			inputPaths = (
				"${PODS_PODFILE_DIR_PATH}/Podfile.lock",
				"${PODS_ROOT}/Manifest.lock",
			);
			name = "[CP] Check Pods Manifest.lock";
			outputPaths = (
				"$(DERIVED_FILE_DIR)/Pods-ThemeManager_Example-checkManifestLockResult.txt",
			);
			runOnlyForDeploymentPostprocessing = 0;
			shellPath = /bin/sh;
			shellScript = "diff \"${PODS_PODFILE_DIR_PATH}/Podfile.lock\" \"${PODS_ROOT}/Manifest.lock\" > /dev/null\nif [ $? != 0 ] ; then\n    # print error to STDERR\n    echo \"error: The sandbox is not in sync with the Podfile.lock. Run 'pod install' or update your CocoaPods installation.\" >&2\n    exit 1\nfi\n# This output is used by Xcode 'outputs' to avoid re-running this script phase.\necho \"SUCCESS\" > \"${SCRIPT_OUTPUT_FILE_0}\"\n";
			showEnvVarsInLog = 0;
		};
		4C959283CA8F0FD29AA35089 /* [CP] Embed Pods Frameworks */ = {
			isa = PBXShellScriptBuildPhase;
			buildActionMask = 2147483647;
			files = (
			);
			inputPaths = (
				"${SRCROOT}/Pods/Target Support Files/Pods-ThemeManager_Example/Pods-ThemeManager_Example-frameworks.sh",
				"${BUILT_PRODUCTS_DIR}/ThemeManager/ThemeManager.framework",
			);
			name = "[CP] Embed Pods Frameworks";
			outputPaths = (
				"${TARGET_BUILD_DIR}/${FRAMEWORKS_FOLDER_PATH}/ThemeManager.framework",
			);
			runOnlyForDeploymentPostprocessing = 0;
			shellPath = /bin/sh;
			shellScript = "\"${SRCROOT}/Pods/Target Support Files/Pods-ThemeManager_Example/Pods-ThemeManager_Example-frameworks.sh\"\n";
			showEnvVarsInLog = 0;
		};
		CF28AF2B1EFB4FEDF7FE3E71 /* [CP] Check Pods Manifest.lock */ = {
			isa = PBXShellScriptBuildPhase;
			buildActionMask = 2147483647;
			files = (
			);
			inputPaths = (
				"${PODS_PODFILE_DIR_PATH}/Podfile.lock",
				"${PODS_ROOT}/Manifest.lock",
			);
			name = "[CP] Check Pods Manifest.lock";
			outputPaths = (
				"$(DERIVED_FILE_DIR)/Pods-ThemeManager_Tests-checkManifestLockResult.txt",
			);
			runOnlyForDeploymentPostprocessing = 0;
			shellPath = /bin/sh;
			shellScript = "diff \"${PODS_PODFILE_DIR_PATH}/Podfile.lock\" \"${PODS_ROOT}/Manifest.lock\" > /dev/null\nif [ $? != 0 ] ; then\n    # print error to STDERR\n    echo \"error: The sandbox is not in sync with the Podfile.lock. Run 'pod install' or update your CocoaPods installation.\" >&2\n    exit 1\nfi\n# This output is used by Xcode 'outputs' to avoid re-running this script phase.\necho \"SUCCESS\" > \"${SCRIPT_OUTPUT_FILE_0}\"\n";
			showEnvVarsInLog = 0;
		};
/* End PBXShellScriptBuildPhase section */

/* Begin PBXSourcesBuildPhase section */
		6003F586195388D20070C39A /* Sources */ = {
			isa = PBXSourcesBuildPhase;
			buildActionMask = 2147483647;
			files = (
				F2500BF71F57E0AA002FF5CB /* zhSecondViewController.m in Sources */,
				F24376121F57F5B7000852C7 /* zhNextViewController.m in Sources */,
				F2BD440F1F6EB2B4005AED6E /* zhSwitchButton.m in Sources */,
				6003F59E195388D20070C39A /* zhAppDelegate.m in Sources */,
				F2500BF91F57E0AA002FF5CB /* zhThirdViewController.m in Sources */,
				F2500BF81F57E0AA002FF5CB /* zhTabBarController.m in Sources */,
				F24B7C5C1FBB31CC00D1088B /* zhTestView.m in Sources */,
				F2500BE71F57DE6B002FF5CB /* UIView+Layout.m in Sources */,
				F2500BE61F57DE6B002FF5CB /* UIImage+Color.m in Sources */,
				F2500BE81F57DE6B002FF5CB /* UIViewController+zhStatusBarStyle.m in Sources */,
				F2500BED1F57DFB2002FF5CB /* zhProgressView.m in Sources */,
				6003F59A195388D20070C39A /* main.m in Sources */,
				F24376371F58502E000852C7 /* NSObject+AssociatedObject.m in Sources */,
				F2500BFC1F57E0D1002FF5CB /* zhNavigationController.m in Sources */,
				6193F9D5221BF5F00028BBA8 /* zhThemeOperator.m in Sources */,
				F24376151F580004000852C7 /* zhDetailViewController.m in Sources */,
				F2500BF61F57E0AA002FF5CB /* zhFirstViewController.m in Sources */,
				F2500BE51F57DE6B002FF5CB /* UIColor+Extend.m in Sources */,
			);
			runOnlyForDeploymentPostprocessing = 0;
		};
		6003F5AA195388D20070C39A /* Sources */ = {
			isa = PBXSourcesBuildPhase;
			buildActionMask = 2147483647;
			files = (
				6003F5BC195388D20070C39A /* Tests.m in Sources */,
			);
			runOnlyForDeploymentPostprocessing = 0;
		};
/* End PBXSourcesBuildPhase section */

/* Begin PBXTargetDependency section */
		6003F5B4195388D20070C39A /* PBXTargetDependency */ = {
			isa = PBXTargetDependency;
			target = 6003F589195388D20070C39A /* ThemeManager_Example */;
			targetProxy = 6003F5B3195388D20070C39A /* PBXContainerItemProxy */;
		};
/* End PBXTargetDependency section */

/* Begin PBXVariantGroup section */
		6003F596195388D20070C39A /* InfoPlist.strings */ = {
			isa = PBXVariantGroup;
			children = (
				6003F597195388D20070C39A /* en */,
			);
			name = InfoPlist.strings;
			sourceTree = "<group>";
		};
		6003F5B8195388D20070C39A /* InfoPlist.strings */ = {
			isa = PBXVariantGroup;
			children = (
				6003F5B9195388D20070C39A /* en */,
			);
			name = InfoPlist.strings;
			sourceTree = "<group>";
		};
		71719F9D1E33DC2100824A3D /* LaunchScreen.storyboard */ = {
			isa = PBXVariantGroup;
			children = (
				71719F9E1E33DC2100824A3D /* Base */,
			);
			name = LaunchScreen.storyboard;
			sourceTree = "<group>";
		};
/* End PBXVariantGroup section */

/* Begin XCBuildConfiguration section */
		6003F5BD195388D20070C39A /* Debug */ = {
			isa = XCBuildConfiguration;
			buildSettings = {
				ALWAYS_SEARCH_USER_PATHS = NO;
				CLANG_CXX_LANGUAGE_STANDARD = "gnu++0x";
				CLANG_CXX_LIBRARY = "libc++";
				CLANG_ENABLE_MODULES = YES;
				CLANG_ENABLE_OBJC_ARC = YES;
				CLANG_WARN_BLOCK_CAPTURE_AUTORELEASING = YES;
				CLANG_WARN_BOOL_CONVERSION = YES;
				CLANG_WARN_COMMA = YES;
				CLANG_WARN_CONSTANT_CONVERSION = YES;
				CLANG_WARN_DEPRECATED_OBJC_IMPLEMENTATIONS = YES;
				CLANG_WARN_DIRECT_OBJC_ISA_USAGE = YES_ERROR;
				CLANG_WARN_EMPTY_BODY = YES;
				CLANG_WARN_ENUM_CONVERSION = YES;
				CLANG_WARN_INFINITE_RECURSION = YES;
				CLANG_WARN_INT_CONVERSION = YES;
				CLANG_WARN_NON_LITERAL_NULL_CONVERSION = YES;
				CLANG_WARN_OBJC_IMPLICIT_RETAIN_SELF = YES;
				CLANG_WARN_OBJC_LITERAL_CONVERSION = YES;
				CLANG_WARN_OBJC_ROOT_CLASS = YES_ERROR;
				CLANG_WARN_RANGE_LOOP_ANALYSIS = YES;
				CLANG_WARN_STRICT_PROTOTYPES = YES;
				CLANG_WARN_SUSPICIOUS_MOVE = YES;
				CLANG_WARN_UNREACHABLE_CODE = YES;
				CLANG_WARN__DUPLICATE_METHOD_MATCH = YES;
				"CODE_SIGN_IDENTITY[sdk=iphoneos*]" = "iPhone Developer";
				COPY_PHASE_STRIP = NO;
				ENABLE_STRICT_OBJC_MSGSEND = YES;
				ENABLE_TESTABILITY = YES;
				GCC_C_LANGUAGE_STANDARD = gnu99;
				GCC_DYNAMIC_NO_PIC = NO;
				GCC_NO_COMMON_BLOCKS = YES;
				GCC_OPTIMIZATION_LEVEL = 0;
				GCC_PREPROCESSOR_DEFINITIONS = (
					"DEBUG=1",
					"$(inherited)",
				);
				GCC_SYMBOLS_PRIVATE_EXTERN = NO;
				GCC_WARN_64_TO_32_BIT_CONVERSION = YES;
				GCC_WARN_ABOUT_RETURN_TYPE = YES_ERROR;
				GCC_WARN_UNDECLARED_SELECTOR = YES;
				GCC_WARN_UNINITIALIZED_AUTOS = YES_AGGRESSIVE;
				GCC_WARN_UNUSED_FUNCTION = YES;
				GCC_WARN_UNUSED_VARIABLE = YES;
				IPHONEOS_DEPLOYMENT_TARGET = 8.3;
				ONLY_ACTIVE_ARCH = YES;
				SDKROOT = iphoneos;
				TARGETED_DEVICE_FAMILY = "1,2";
			};
			name = Debug;
		};
		6003F5BE195388D20070C39A /* Release */ = {
			isa = XCBuildConfiguration;
			buildSettings = {
				ALWAYS_SEARCH_USER_PATHS = NO;
				CLANG_CXX_LANGUAGE_STANDARD = "gnu++0x";
				CLANG_CXX_LIBRARY = "libc++";
				CLANG_ENABLE_MODULES = YES;
				CLANG_ENABLE_OBJC_ARC = YES;
				CLANG_WARN_BLOCK_CAPTURE_AUTORELEASING = YES;
				CLANG_WARN_BOOL_CONVERSION = YES;
				CLANG_WARN_COMMA = YES;
				CLANG_WARN_CONSTANT_CONVERSION = YES;
				CLANG_WARN_DEPRECATED_OBJC_IMPLEMENTATIONS = YES;
				CLANG_WARN_DIRECT_OBJC_ISA_USAGE = YES_ERROR;
				CLANG_WARN_EMPTY_BODY = YES;
				CLANG_WARN_ENUM_CONVERSION = YES;
				CLANG_WARN_INFINITE_RECURSION = YES;
				CLANG_WARN_INT_CONVERSION = YES;
				CLANG_WARN_NON_LITERAL_NULL_CONVERSION = YES;
				CLANG_WARN_OBJC_IMPLICIT_RETAIN_SELF = YES;
				CLANG_WARN_OBJC_LITERAL_CONVERSION = YES;
				CLANG_WARN_OBJC_ROOT_CLASS = YES_ERROR;
				CLANG_WARN_RANGE_LOOP_ANALYSIS = YES;
				CLANG_WARN_STRICT_PROTOTYPES = YES;
				CLANG_WARN_SUSPICIOUS_MOVE = YES;
				CLANG_WARN_UNREACHABLE_CODE = YES;
				CLANG_WARN__DUPLICATE_METHOD_MATCH = YES;
				"CODE_SIGN_IDENTITY[sdk=iphoneos*]" = "iPhone Developer";
				COPY_PHASE_STRIP = YES;
				ENABLE_NS_ASSERTIONS = NO;
				ENABLE_STRICT_OBJC_MSGSEND = YES;
				GCC_C_LANGUAGE_STANDARD = gnu99;
				GCC_NO_COMMON_BLOCKS = YES;
				GCC_WARN_64_TO_32_BIT_CONVERSION = YES;
				GCC_WARN_ABOUT_RETURN_TYPE = YES_ERROR;
				GCC_WARN_UNDECLARED_SELECTOR = YES;
				GCC_WARN_UNINITIALIZED_AUTOS = YES_AGGRESSIVE;
				GCC_WARN_UNUSED_FUNCTION = YES;
				GCC_WARN_UNUSED_VARIABLE = YES;
				IPHONEOS_DEPLOYMENT_TARGET = 8.3;
				SDKROOT = iphoneos;
				TARGETED_DEVICE_FAMILY = "1,2";
				VALIDATE_PRODUCT = YES;
			};
			name = Release;
		};
		6003F5C0195388D20070C39A /* Debug */ = {
			isa = XCBuildConfiguration;
			baseConfigurationReference = 43D5C051C418BF7CA0C9CE51 /* Pods-ThemeManager_Example.debug.xcconfig */;
			buildSettings = {
				ASSETCATALOG_COMPILER_APPICON_NAME = AppIcon;
				DEVELOPMENT_TEAM = 854W7RF9GY;
				GCC_PRECOMPILE_PREFIX_HEADER = YES;
				GCC_PREFIX_HEADER = "ThemeManager/ThemeManager-Prefix.pch";
				INFOPLIST_FILE = "ThemeManager/ThemeManager-Info.plist";
				IPHONEOS_DEPLOYMENT_TARGET = 8.0;
				MODULE_NAME = ExampleApp;
				PRODUCT_BUNDLE_IDENTIFIER = "org.cocoapods.demo.${PRODUCT_NAME:rfc1034identifier}";
				PRODUCT_NAME = "$(TARGET_NAME)";
				TARGETED_DEVICE_FAMILY = "1,2";
				WRAPPER_EXTENSION = app;
			};
			name = Debug;
		};
		6003F5C1195388D20070C39A /* Release */ = {
			isa = XCBuildConfiguration;
			baseConfigurationReference = 18C7129AA7E184CCBCEE6E6D /* Pods-ThemeManager_Example.release.xcconfig */;
			buildSettings = {
				ASSETCATALOG_COMPILER_APPICON_NAME = AppIcon;
				DEVELOPMENT_TEAM = 854W7RF9GY;
				GCC_PRECOMPILE_PREFIX_HEADER = YES;
				GCC_PREFIX_HEADER = "ThemeManager/ThemeManager-Prefix.pch";
				INFOPLIST_FILE = "ThemeManager/ThemeManager-Info.plist";
				IPHONEOS_DEPLOYMENT_TARGET = 8.0;
				MODULE_NAME = ExampleApp;
				PRODUCT_BUNDLE_IDENTIFIER = "org.cocoapods.demo.${PRODUCT_NAME:rfc1034identifier}";
				PRODUCT_NAME = "$(TARGET_NAME)";
				TARGETED_DEVICE_FAMILY = "1,2";
				WRAPPER_EXTENSION = app;
			};
			name = Release;
		};
		6003F5C3195388D20070C39A /* Debug */ = {
			isa = XCBuildConfiguration;
			baseConfigurationReference = 968CF9A2EA82CEE1FFE3110E /* Pods-ThemeManager_Tests.debug.xcconfig */;
			buildSettings = {
				BUNDLE_LOADER = "$(TEST_HOST)";
				FRAMEWORK_SEARCH_PATHS = (
					"$(SDKROOT)/Developer/Library/Frameworks",
					"$(inherited)",
					"$(DEVELOPER_FRAMEWORKS_DIR)",
				);
				GCC_PRECOMPILE_PREFIX_HEADER = YES;
				GCC_PREFIX_HEADER = "Tests/Tests-Prefix.pch";
				GCC_PREPROCESSOR_DEFINITIONS = (
					"DEBUG=1",
					"$(inherited)",
				);
				INFOPLIST_FILE = "Tests/Tests-Info.plist";
				PRODUCT_BUNDLE_IDENTIFIER = "org.cocoapods.demo.${PRODUCT_NAME:rfc1034identifier}";
				PRODUCT_NAME = "$(TARGET_NAME)";
				TEST_HOST = "$(BUILT_PRODUCTS_DIR)/ThemeManager_Example.app/ThemeManager_Example";
				WRAPPER_EXTENSION = xctest;
			};
			name = Debug;
		};
		6003F5C4195388D20070C39A /* Release */ = {
			isa = XCBuildConfiguration;
			baseConfigurationReference = CB9C930815CF1B253D8199BB /* Pods-ThemeManager_Tests.release.xcconfig */;
			buildSettings = {
				BUNDLE_LOADER = "$(TEST_HOST)";
				FRAMEWORK_SEARCH_PATHS = (
					"$(SDKROOT)/Developer/Library/Frameworks",
					"$(inherited)",
					"$(DEVELOPER_FRAMEWORKS_DIR)",
				);
				GCC_PRECOMPILE_PREFIX_HEADER = YES;
				GCC_PREFIX_HEADER = "Tests/Tests-Prefix.pch";
				INFOPLIST_FILE = "Tests/Tests-Info.plist";
				PRODUCT_BUNDLE_IDENTIFIER = "org.cocoapods.demo.${PRODUCT_NAME:rfc1034identifier}";
				PRODUCT_NAME = "$(TARGET_NAME)";
				TEST_HOST = "$(BUILT_PRODUCTS_DIR)/ThemeManager_Example.app/ThemeManager_Example";
				WRAPPER_EXTENSION = xctest;
			};
			name = Release;
		};
/* End XCBuildConfiguration section */

/* Begin XCConfigurationList section */
		6003F585195388D10070C39A /* Build configuration list for PBXProject "ThemeManager" */ = {
			isa = XCConfigurationList;
			buildConfigurations = (
				6003F5BD195388D20070C39A /* Debug */,
				6003F5BE195388D20070C39A /* Release */,
			);
			defaultConfigurationIsVisible = 0;
			defaultConfigurationName = Release;
		};
		6003F5BF195388D20070C39A /* Build configuration list for PBXNativeTarget "ThemeManager_Example" */ = {
			isa = XCConfigurationList;
			buildConfigurations = (
				6003F5C0195388D20070C39A /* Debug */,
				6003F5C1195388D20070C39A /* Release */,
			);
			defaultConfigurationIsVisible = 0;
			defaultConfigurationName = Release;
		};
		6003F5C2195388D20070C39A /* Build configuration list for PBXNativeTarget "ThemeManager_Tests" */ = {
			isa = XCConfigurationList;
			buildConfigurations = (
				6003F5C3195388D20070C39A /* Debug */,
				6003F5C4195388D20070C39A /* Release */,
			);
			defaultConfigurationIsVisible = 0;
			defaultConfigurationName = Release;
		};
/* End XCConfigurationList section */
	};
	rootObject = 6003F582195388D10070C39A /* Project object */;
}
